# This file is automatically @generated by Cargo.
# It is not intended for manual editing.
version = 4

[[package]]
name = "blueice-css"
version = "0.1.0"

[[package]]
name = "blueice-dom"
version = "0.1.0"

[[package]]
name = "blueice-engine"
version = "0.1.0"
dependencies = [
 "blueice-css",
 "blueice-dom",
 "blueice-html",
 "blueice-layout",
 "blueice-paint",
]

[[package]]
name = "blueice-extension-host"
version = "0.1.0"

[[package]]
name = "blueice-html"
version = "0.1.0"
dependencies = [
 "blueice-dom",
]

[[package]]
name = "blueice-ipc"
version = "0.1.0"

[[package]]
name = "blueice-layout"
version = "0.1.0"
dependencies = [
 "blueice-css",
 "blueice-dom",
]

[[package]]
name = "blueice-paint"
version = "0.1.0"
dependencies = [
 "blueice-layout",
]
