// !$*UTF8*$!
// This Source Code Form is subject to the terms of the Mozilla Public
// License, v. 2.0. If a copy of the MPL was not distributed with this
// file, You can obtain one at https://mozilla.org/MPL/2.0/.
{
	archiveVersion = 1;
	classes = {};
	objectVersion = 56;
	objects = {
		2247E1FF8D2D4654A851999E = { isa = PBXBuildFile; fileRef = D26E4A0CFBB748E194F18BB8; };
		D26E4A0CFBB748E194F18BB8 = { isa = PBXFileReference; lastKnownFileType = sourcecode.swift; path = AddressSearchTests.swift; sourceTree = "<group>"; };
		54D688BD05E44CA099439498 = { isa = PBXBuildFile; fileRef = 354119080E274058B084AFB9; };
		90DE9662B40448E4A5C464DF = { isa = PBXBuildFile; fileRef = 354119080E274058B084AFB9; };
		354119080E274058B084AFB9 = { isa = PBXFileReference; lastKnownFileType = sourcecode.swift; path = BrowserSearch.swift; sourceTree = "<group>"; };
		A4E87CDD519941ECAA6955A6 = { isa = PBXBuildFile; fileRef = C6635C5B3D1B47A4A5437DFB; };
		82ADFB50B79244FA813D419E = { isa = PBXBuildFile; fileRef = C6635C5B3D1B47A4A5437DFB; };
		C6635C5B3D1B47A4A5437DFB = { isa = PBXFileReference; lastKnownFileType = sourcecode.swift; path = BrowserAddress.swift; sourceTree = "<group>"; };
        AB1000000000000000000004 = { isa = PBXBuildFile; fileRef = 320C522CFD9A08EAB9ACD73C; };
        AB1000000000000000000001 = { isa = PBXFileReference; lastKnownFileType = sourcecode.swift; path = BrowserChromeFocus.swift; sourceTree = "<group>"; };
        AB1000000000000000000002 = { isa = PBXBuildFile; fileRef = AB1000000000000000000001; };
        AB1000000000000000000003 = { isa = PBXBuildFile; fileRef = AB1000000000000000000001; };

        AB0900000000000000000001 = { isa = PBXFileReference; lastKnownFileType = sourcecode.swift; path = BrowserTabDragging.swift; sourceTree = "<group>"; };
        AB0900000000000000000002 = { isa = PBXBuildFile; fileRef = AB0900000000000000000001; };
        AB0900000000000000000003 = { isa = PBXBuildFile; fileRef = AB0900000000000000000001; };
        AB0900000000000000000004 = { isa = PBXFileReference; lastKnownFileType = sourcecode.swift; path = TabPlacementTests.swift; sourceTree = "<group>"; };
        AB0900000000000000000005 = { isa = PBXBuildFile; fileRef = AB0900000000000000000004; };
        AB0800000000000000000001 = { isa = PBXFileReference; lastKnownFileType = sourcecode.swift; path = BrowserLocalization.swift; sourceTree = "<group>"; };
        AB0800000000000000000002 = { isa = PBXBuildFile; fileRef = AB0800000000000000000001; };
        AB0800000000000000000003 = { isa = PBXBuildFile; fileRef = AB0800000000000000000001; };
        AB0800000000000000000004 = { isa = PBXFileReference; lastKnownFileType = sourcecode.swift; path = LocalizationTests.swift; sourceTree = "<group>"; };
        AB0800000000000000000005 = { isa = PBXBuildFile; fileRef = AB0800000000000000000004; };
        AB0800000000000000000006 = { isa = PBXGroup; children = (AB0800000000000000000001,); path = Shared; sourceTree = "<group>"; };
        AB0800000000000000000007 = { isa = PBXVariantGroup; children = (AB0800000000000000000008, AB0800000000000000000009,); name = Localizable.strings; sourceTree = "<group>"; };
        AB0800000000000000000008 = { isa = PBXFileReference; lastKnownFileType = text.plist.strings; name = en; path = en.lproj/Localizable.strings; sourceTree = "<group>"; };
        AB0800000000000000000009 = { isa = PBXFileReference; lastKnownFileType = text.plist.strings; name = "zh-Hant"; path = "zh-Hant.lproj/Localizable.strings"; sourceTree = "<group>"; };
        AB0800000000000000000010 = { isa = PBXGroup; children = (AB0800000000000000000007,); path = Localization; sourceTree = "<group>"; };
        AB0800000000000000000011 = { isa = PBXBuildFile; fileRef = AB0800000000000000000007; };
        AB0800000000000000000012 = { isa = PBXBuildFile; fileRef = AB0800000000000000000007; };
        AB0800000000000000000013 = { isa = PBXResourcesBuildPhase; buildActionMask = 2147483647; files = (AB0800000000000000000011,); runOnlyForDeploymentPostprocessing = 0; };
        AB0800000000000000000014 = { isa = PBXResourcesBuildPhase; buildActionMask = 2147483647; files = (AB0800000000000000000012,); runOnlyForDeploymentPostprocessing = 0; };

        AB0700000000000000000001 = { isa = PBXFileReference; lastKnownFileType = sourcecode.swift; path = BrowserAccessibilityText.swift; sourceTree = "<group>"; };
        AB0700000000000000000002 = { isa = PBXBuildFile; fileRef = AB0700000000000000000001; };
        AB0700000000000000000003 = { isa = PBXBuildFile; fileRef = AB0700000000000000000001; };
        AB0600000000000000000001 = { isa = PBXFileReference; lastKnownFileType = sourcecode.swift; path = BrowserSessionRestore.swift; sourceTree = "<group>"; };
        AB0600000000000000000002 = { isa = PBXFileReference; lastKnownFileType = sourcecode.swift; path = SessionRestoreTests.swift; sourceTree = "<group>"; };
        AB0600000000000000000003 = { isa = PBXBuildFile; fileRef = AB0600000000000000000001; };
        AB0600000000000000000004 = { isa = PBXBuildFile; fileRef = AB0600000000000000000001; };
        AB0600000000000000000005 = { isa = PBXBuildFile; fileRef = AB0600000000000000000002; };

		AB0500000000000000000010 = { isa = PBXFileReference; lastKnownFileType = sourcecode.swift; path = AssistantModelFixture.swift; sourceTree = "<group>"; };
		AB0500000000000000000011 = { isa = PBXBuildFile; fileRef = AB0500000000000000000010; };
		AB0500000000000000000001 = { isa = PBXFileReference; lastKnownFileType = sourcecode.swift; path = BrowserAssistant.swift; sourceTree = "<group>"; };
		AB0500000000000000000004 = { isa = PBXBuildFile; fileRef = AB0500000000000000000001; };
		AB0500000000000000000007 = { isa = PBXBuildFile; fileRef = AB0500000000000000000001; };
		AB0500000000000000000002 = { isa = PBXFileReference; lastKnownFileType = sourcecode.swift; path = BrowserAssistantView.swift; sourceTree = "<group>"; };
		AB0500000000000000000005 = { isa = PBXBuildFile; fileRef = AB0500000000000000000002; };
		AB0500000000000000000008 = { isa = PBXBuildFile; fileRef = AB0500000000000000000002; };
		AB0500000000000000000003 = { isa = PBXFileReference; lastKnownFileType = sourcecode.swift; path = AssistantPageTests.swift; sourceTree = "<group>"; };
		AB0500000000000000000006 = { isa = PBXBuildFile; fileRef = AB0500000000000000000003; };
		AB0400000000000000000001 = { isa = PBXFileReference; lastKnownFileType = sourcecode.swift; path = AssistantSettingsWire.swift; sourceTree = "<group>"; };
		AB0400000000000000000004 = { isa = PBXBuildFile; fileRef = AB0400000000000000000001; };
		AB0400000000000000000002 = { isa = PBXFileReference; lastKnownFileType = sourcecode.swift; path = AssistantSettingsModel.swift; sourceTree = "<group>"; };
		AB0400000000000000000005 = { isa = PBXBuildFile; fileRef = AB0400000000000000000002; };
		AB0400000000000000000003 = { isa = PBXFileReference; lastKnownFileType = sourcecode.swift; path = AssistantSettingsTests.swift; sourceTree = "<group>"; };
		AB0400000000000000000006 = { isa = PBXBuildFile; fileRef = AB0400000000000000000003; };
		AB0300000000000000000001 = { isa = PBXFileReference; lastKnownFileType = sourcecode.swift; path = PermissionWire.swift; sourceTree = "<group>"; };
		AB0300000000000000000002 = { isa = PBXFileReference; lastKnownFileType = sourcecode.swift; path = PermissionModel.swift; sourceTree = "<group>"; };
		AB0300000000000000000003 = { isa = PBXGroup; children = (AB0400000000000000000002, AB0400000000000000000001, AB0300000000000000000001, AB0300000000000000000002,); path = TrustedPanels; sourceTree = "<group>"; };
		AB0300000000000000000004 = { isa = PBXFileReference; lastKnownFileType = sourcecode.swift; path = PermissionPanelTests.swift; sourceTree = "<group>"; };
		AB0300000000000000000005 = { isa = PBXBuildFile; fileRef = AB0300000000000000000001; };
		AB0300000000000000000006 = { isa = PBXBuildFile; fileRef = AB0300000000000000000002; };
		AB0300000000000000000007 = { isa = PBXBuildFile; fileRef = AB0300000000000000000004; };
		AB0300000000000000000008 = { isa = PBXShellScriptBuildPhase; buildActionMask = 2147483647; files = (); inputPaths = ("$(SRCROOT)/build-panels.sh", "$(SRCROOT)/Shared/BrowserLocalization.swift", "$(SRCROOT)/Localization/en.lproj/Localizable.strings", "$(SRCROOT)/Localization/zh-Hant.lproj/Localizable.strings", "$(SRCROOT)/TrustedPanels/AssistantSettingsWire.swift", "$(SRCROOT)/TrustedPanels/AssistantSettingsModel.swift", "$(SRCROOT)/TrustedPanels/AssistantSettingsView.swift", "$(SRCROOT)/TrustedPanels/PermissionWire.swift", "$(SRCROOT)/TrustedPanels/PermissionModel.swift", "$(SRCROOT)/TrustedPanels/PermissionTransport.swift", "$(SRCROOT)/TrustedPanels/BlueIcePanels.swift", "$(SRCROOT)/TrustedPanels/Info.plist",); outputPaths = ("$(TARGET_BUILD_DIR)/$(EXECUTABLE_FOLDER_PATH)/BlueIcePanels.app/Contents/MacOS/BlueIcePanels", "$(TARGET_BUILD_DIR)/$(EXECUTABLE_FOLDER_PATH)/BlueIcePanels.app/Contents/Resources/en.lproj/Localizable.strings", "$(TARGET_BUILD_DIR)/$(EXECUTABLE_FOLDER_PATH)/BlueIcePanels.app/Contents/Resources/zh-Hant.lproj/Localizable.strings", "$(TARGET_BUILD_DIR)/$(EXECUTABLE_FOLDER_PATH)/BlueIcePanels.app/Contents/Info.plist",); name = "Bundle trusted native panels"; runOnlyForDeploymentPostprocessing = 0; shellPath = /bin/bash; shellScript = "bash \"$SRCROOT/build-panels.sh\""; };

		AB0200000000000000000004 = { isa = PBXFileReference; lastKnownFileType = sourcecode.swift; path = FileInputTests.swift; sourceTree = "<group>"; };
		AB0200000000000000000005 = { isa = PBXBuildFile; fileRef = AB0200000000000000000004; };
		AB0200000000000000000001 = { isa = PBXFileReference; lastKnownFileType = sourcecode.swift; path = BrowserFileInput.swift; sourceTree = "<group>"; };
		AB0200000000000000000002 = { isa = PBXBuildFile; fileRef = AB0200000000000000000001; };
		AB0200000000000000000003 = { isa = PBXBuildFile; fileRef = AB0200000000000000000001; };
		AB0100000000000000000004 = { isa = PBXFileReference; lastKnownFileType = sourcecode.swift; path = PrintingTests.swift; sourceTree = "<group>"; };
		AB0100000000000000000005 = { isa = PBXBuildFile; fileRef = AB0100000000000000000004; };
		AB0100000000000000000001 = { isa = PBXFileReference; lastKnownFileType = sourcecode.swift; path = BrowserPrinting.swift; sourceTree = "<group>"; };
		AB0100000000000000000002 = { isa = PBXBuildFile; fileRef = AB0100000000000000000001; };
		AB0100000000000000000003 = { isa = PBXBuildFile; fileRef = AB0100000000000000000001; };
		61F0AD2D8F17C31E0EE302B7 = { isa = PBXFileReference; lastKnownFileType = sourcecode.swift; path = BrowserDownloads.swift; sourceTree = "<group>"; };
		D3A7941EF7AE8282A0461CB2 = { isa = PBXBuildFile; fileRef = 61F0AD2D8F17C31E0EE302B7; };
		23DCA3BA9E6C753DF25ADD78 = { isa = PBXBuildFile; fileRef = 61F0AD2D8F17C31E0EE302B7; };
		D4B53FB9AD764E8411DD4B63 = { isa = PBXFileReference; lastKnownFileType = sourcecode.swift; path = BrowserDownloadsSession.swift; sourceTree = "<group>"; };
		48B1FE6411F73D27BEF599E5 = { isa = PBXBuildFile; fileRef = D4B53FB9AD764E8411DD4B63; };
		C7B6F03B63EDC2B4D36136AB = { isa = PBXBuildFile; fileRef = D4B53FB9AD764E8411DD4B63; };
		3FC1F3FD6E42C4C48FC0BA68 = { isa = PBXFileReference; lastKnownFileType = sourcecode.swift; path = BrowserDownloadsView.swift; sourceTree = "<group>"; };
		E41F536845AC0B573C98A605 = { isa = PBXBuildFile; fileRef = 3FC1F3FD6E42C4C48FC0BA68; };
		00894FD27887D95BBE6F83B6 = { isa = PBXBuildFile; fileRef = 3FC1F3FD6E42C4C48FC0BA68; };
		6D7005293DD08AABFF1AC0FF = { isa = PBXFileReference; lastKnownFileType = sourcecode.swift; path = DownloadTests.swift; sourceTree = "<group>"; };
		0D260BFEF8C25F6D1289510F = { isa = PBXBuildFile; fileRef = 6D7005293DD08AABFF1AC0FF; };
		03850E6E7DF618AB426218EF = { isa = PBXFileReference; lastKnownFileType = sourcecode.swift; path = DownloadFixture.swift; sourceTree = "<group>"; };
		95EEA0B2B15F4A75CAACF0FD = { isa = PBXBuildFile; fileRef = 03850E6E7DF618AB426218EF; };
		7370EB163150B1249ECFEEDB = { isa = PBXBuildFile; fileRef = 03850E6E7DF618AB426218EF; };
		00BDCAE9B110F99D21D6541B = { isa = PBXFileReference; lastKnownFileType = sourcecode.swift; path = BrowserProfiles.swift; sourceTree = "<group>"; };
		DCAC806765E9220128192C47 = { isa = PBXBuildFile; fileRef = 00BDCAE9B110F99D21D6541B; };
		BBE53A12473AB8AD3861C7CF = { isa = PBXBuildFile; fileRef = 00BDCAE9B110F99D21D6541B; };
		FB6D50A0C17F4266642369B7 = { isa = PBXFileReference; lastKnownFileType = sourcecode.swift; path = BrowserContexts.swift; sourceTree = "<group>"; };
		FB72E71A04CE71EF63D37992 = { isa = PBXBuildFile; fileRef = FB6D50A0C17F4266642369B7; };
		85A41CBF3A91A41532AD6D36 = { isa = PBXBuildFile; fileRef = FB6D50A0C17F4266642369B7; };
		9B0286AB7809C5EF63CF80CF = { isa = PBXFileReference; lastKnownFileType = sourcecode.swift; path = BrowserWorkspace.swift; sourceTree = "<group>"; };
		1DA86D102F92A7E6A1D0E7AF = { isa = PBXBuildFile; fileRef = 9B0286AB7809C5EF63CF80CF; };
		87A98AE313C36F3C6255F86C = { isa = PBXBuildFile; fileRef = 9B0286AB7809C5EF63CF80CF; };
		FAE7BAB05C6C3F347E7FE7FD = { isa = PBXFileReference; lastKnownFileType = sourcecode.swift; path = BrowserWindows.swift; sourceTree = "<group>"; };
		3E4599DCCF85A80C3C894AC2 = { isa = PBXBuildFile; fileRef = FAE7BAB05C6C3F347E7FE7FD; };
		F8830BD9906221D8B6034694 = { isa = PBXBuildFile; fileRef = FAE7BAB05C6C3F347E7FE7FD; };
		AB8D07BD1C8E522A5B513EF6 = { isa = PBXFileReference; lastKnownFileType = sourcecode.swift; path = BrowserTabGroups.swift; sourceTree = "<group>"; };
		BAFE3617CAE430F54BDAAA37 = { isa = PBXBuildFile; fileRef = AB8D07BD1C8E522A5B513EF6; };
		E5A505E1D89E75E9C4A536D5 = { isa = PBXBuildFile; fileRef = AB8D07BD1C8E522A5B513EF6; };
		BC4B1BB9C52764CD0E8A4306 = { isa = PBXFileReference; lastKnownFileType = sourcecode.swift; path = BrowserAppearance.swift; sourceTree = "<group>"; };
		0AF822DADED5A369FF0FF276 = { isa = PBXBuildFile; fileRef = BC4B1BB9C52764CD0E8A4306; };
		D108044C4DDF4EE74A49F87E = { isa = PBXBuildFile; fileRef = BC4B1BB9C52764CD0E8A4306; };

		25C737F24EA0E1358184B3BD = { isa = PBXFileReference; lastKnownFileType = sourcecode.swift; path = BrowserAppearanceTests.swift; sourceTree = "<group>"; };
		FC3CC9583AFEB94F72617AD7 = { isa = PBXBuildFile; fileRef = 25C737F24EA0E1358184B3BD; };

		D55B4AB854F2051F635B8DA4 = { isa = PBXBuildFile; fileRef = 2D662E8E486CAA04598F804E; };
		2D662E8E486CAA04598F804E = { isa = PBXFileReference; lastKnownFileType = sourcecode.swift; path = NativeEditingMenu.swift; sourceTree = "<group>"; };
		E203B9A4044DF6EF2B97745B = { isa = PBXBuildFile; fileRef = 2D662E8E486CAA04598F804E; };
		3B2F0226F5B432C33D2F7ED8 = { isa = PBXFileReference; lastKnownFileType = sourcecode.swift; path = NativeEditingTests.swift; sourceTree = "<group>"; };
		EED324C28327E8CD4E85F15D = { isa = PBXBuildFile; fileRef = 3B2F0226F5B432C33D2F7ED8; };
		8C9AB0CEA64E5119013B2147 = { isa = PBXFileReference; lastKnownFileType = sourcecode.swift; path = NativeTextInput.swift; sourceTree = "<group>"; };
		FAC855725DD64B2D4B9994C9 = { isa = PBXBuildFile; fileRef = 8C9AB0CEA64E5119013B2147; };
		A28114D276421A2E0C31B846 = { isa = PBXBuildFile; fileRef = 8C9AB0CEA64E5119013B2147; };
		BC323EE4B8CC1C5E95392A08 = { isa = PBXBuildFile; fileRef = C850741F45A25052EFA2801B; };
		68FE4A475154FBDC15999046 = { isa = PBXBuildFile; fileRef = 6B49092224B7552269DA384E; };
		E515A966FBDD2398E4818AA7 = { isa = PBXFileReference; lastKnownFileType = sourcecode.swift; path = PageAccessibility.swift; sourceTree = "<group>"; };
		0141483178A304652A92EEEC = { isa = PBXBuildFile; fileRef = E515A966FBDD2398E4818AA7; };
		998D312B33D4338B8F1BFA25 = { isa = PBXBuildFile; fileRef = E515A966FBDD2398E4818AA7; };
		91E73707B0CCC50DD4EED7E8 = { isa = PBXFileReference; lastKnownFileType = sourcecode.swift; path = PageRepresentation.swift; sourceTree = "<group>"; };
		12160F12AC14592A34D37C30 = { isa = PBXBuildFile; fileRef = 91E73707B0CCC50DD4EED7E8; };
		6F1644C0694ABABC1E124BCA = { isa = PBXBuildFile; fileRef = 91E73707B0CCC50DD4EED7E8; };
		67402C4FC3F8E0C106FB5EC5 = { isa = PBXFileReference; lastKnownFileType = sourcecode.swift; path = AccessibilityTests.swift; sourceTree = "<group>"; };
		B7E4F04152131842A5F03DFE = { isa = PBXBuildFile; fileRef = 67402C4FC3F8E0C106FB5EC5; };
		203AD6DA7C90CCDB8D67F1BC = { isa = PBXFileReference; lastKnownFileType = text.plist.entitlements; path = Network.entitlements; sourceTree = "<group>"; };
		BCE4B1BC4B9B2A77C4912CB2 = { isa = PBXBuildFile; fileRef = 01B16BED87932ABE54B85B20; };
		752B5EC884EDC2858F69BFED = { isa = PBXBuildFile; fileRef = 01B16BED87932ABE54B85B20; };
		B033E77E9249D776F945218D = { isa = PBXGroup; children = (AB0500000000000000000010, 03850E6E7DF618AB426218EF, 01B16BED87932ABE54B85B20,); path = TestSupport; sourceTree = "<group>"; };
		01B16BED87932ABE54B85B20 = { isa = PBXFileReference; lastKnownFileType = sourcecode.swift; path = HTTPFixture.swift; sourceTree = "<group>"; };
		767B59314E194AD2673B4977 = { isa = PBXBuildFile; fileRef = E376A07DF408B1626567AB4A; };
		880A2448508AB71D73113E9C = { isa = PBXBuildFile; fileRef = E376A07DF408B1626567AB4A; };
		E376A07DF408B1626567AB4A = { isa = PBXFileReference; lastKnownFileType = sourcecode.swift; path = BrowserTransport.swift; sourceTree = "<group>"; };
		D122B4BAB39D5C359EE6115E = { isa = PBXFileReference; lastKnownFileType = sourcecode.swift; path = BlueIceApp.swift; sourceTree = "<group>"; };
		320C522CFD9A08EAB9ACD73C = { isa = PBXFileReference; lastKnownFileType = sourcecode.swift; path = BrowserView.swift; sourceTree = "<group>"; };
		C850741F45A25052EFA2801B = { isa = PBXFileReference; lastKnownFileType = sourcecode.swift; path = PageViewport.swift; sourceTree = "<group>"; };
		6B49092224B7552269DA384E = { isa = PBXFileReference; lastKnownFileType = sourcecode.swift; path = BrowserModel.swift; sourceTree = "<group>"; };
		0EB506BD1A638BAF54269B4B = { isa = PBXFileReference; lastKnownFileType = sourcecode.swift; path = BrowserWire.swift; sourceTree = "<group>"; };
		D3DB1424146A0EDEFC09E6E8 = { isa = PBXFileReference; lastKnownFileType = sourcecode.swift; path = BrowserSession.swift; sourceTree = "<group>"; };
		DA76C58F6B20252A75A7E36A = { isa = PBXFileReference; lastKnownFileType = sourcecode.swift; path = FramePixels.swift; sourceTree = "<group>"; };
		BF004683FBD7A547132E6C64 = { isa = PBXFileReference; lastKnownFileType = sourcecode.swift; path = ProtocolTests.swift; sourceTree = "<group>"; };
		183A2DF14E1C2EFD5D6C3FC2 = { isa = PBXFileReference; lastKnownFileType = sourcecode.swift; path = BrowserUITests.swift; sourceTree = "<group>"; };
		C0660E3DDC4DC8C8AFD0939C = { isa = PBXFileReference; explicitFileType = wrapper.application; includeInIndex = 0; path = BlueIce.app; sourceTree = BUILT_PRODUCTS_DIR; };
		BEBEA91E455AF1A656C3298A = { isa = PBXFileReference; explicitFileType = wrapper.cfbundle; includeInIndex = 0; path = ProtocolTests.xctest; sourceTree = BUILT_PRODUCTS_DIR; };
		CC743726A6B07853950D49D4 = { isa = PBXFileReference; explicitFileType = wrapper.cfbundle; includeInIndex = 0; path = BrowserUITests.xctest; sourceTree = BUILT_PRODUCTS_DIR; };
		878A52FC5FF6A57D50B7B870 = { isa = PBXGroup; children = (354119080E274058B084AFB9,C6635C5B3D1B47A4A5437DFB,AB1000000000000000000001,AB0900000000000000000001,AB0700000000000000000001,AB0600000000000000000001,AB0500000000000000000002, AB0500000000000000000001, AB0200000000000000000001, AB0100000000000000000001, 3FC1F3FD6E42C4C48FC0BA68, D4B53FB9AD764E8411DD4B63, 61F0AD2D8F17C31E0EE302B7, 00BDCAE9B110F99D21D6541B, FB6D50A0C17F4266642369B7, 9B0286AB7809C5EF63CF80CF, FAE7BAB05C6C3F347E7FE7FD, AB8D07BD1C8E522A5B513EF6, BC4B1BB9C52764CD0E8A4306, 2D662E8E486CAA04598F804E, 8C9AB0CEA64E5119013B2147, E515A966FBDD2398E4818AA7, 91E73707B0CCC50DD4EED7E8, E376A07DF408B1626567AB4A, D122B4BAB39D5C359EE6115E, 320C522CFD9A08EAB9ACD73C, C850741F45A25052EFA2801B, 6B49092224B7552269DA384E, 0EB506BD1A638BAF54269B4B, D3DB1424146A0EDEFC09E6E8, DA76C58F6B20252A75A7E36A,); path = Sources; sourceTree = "<group>"; };
		59830EBC3A4184110566BF1A = { isa = PBXGroup; children = (D26E4A0CFBB748E194F18BB8,AB0900000000000000000004,AB0800000000000000000004, AB0600000000000000000002,AB0500000000000000000003, AB0400000000000000000003, AB0300000000000000000004, AB0200000000000000000004, AB0100000000000000000004, 6D7005293DD08AABFF1AC0FF, 25C737F24EA0E1358184B3BD, 3B2F0226F5B432C33D2F7ED8, 67402C4FC3F8E0C106FB5EC5, BF004683FBD7A547132E6C64,); path = Tests; sourceTree = "<group>"; };
		4483B94ED5364EDAA3CB2DD6 = { isa = PBXGroup; children = (183A2DF14E1C2EFD5D6C3FC2, 203AD6DA7C90CCDB8D67F1BC,); path = UITests; sourceTree = "<group>"; };
		0A3E27B8CA818264D75C8D81 = { isa = PBXGroup; children = (C0660E3DDC4DC8C8AFD0939C, BEBEA91E455AF1A656C3298A, CC743726A6B07853950D49D4,); name = Products; sourceTree = "<group>"; };
		0D6E4079E36703EBD37C0072 = { isa = PBXGroup; children = (AB0800000000000000000006, AB0800000000000000000010, AB0300000000000000000003, B033E77E9249D776F945218D, 878A52FC5FF6A57D50B7B870, 59830EBC3A4184110566BF1A, 4483B94ED5364EDAA3CB2DD6, 0A3E27B8CA818264D75C8D81,); sourceTree = "<group>"; };
		51A2A746F223AB5097BA911F = { isa = PBXBuildFile; fileRef = D122B4BAB39D5C359EE6115E; };
		77A2CCF72EABAEC6461307B9 = { isa = PBXBuildFile; fileRef = 320C522CFD9A08EAB9ACD73C; };
		9385CAAC0F1D093E325F877B = { isa = PBXBuildFile; fileRef = C850741F45A25052EFA2801B; };
		FFCDE8F920D144DBF2A7C494 = { isa = PBXBuildFile; fileRef = 6B49092224B7552269DA384E; };
		760F2797052A3431928C90B6 = { isa = PBXBuildFile; fileRef = 0EB506BD1A638BAF54269B4B; };
		1CC241A6743D883BD905FED4 = { isa = PBXBuildFile; fileRef = D3DB1424146A0EDEFC09E6E8; };
		CFCF3B5E081E0BCD0BF517F8 = { isa = PBXBuildFile; fileRef = DA76C58F6B20252A75A7E36A; };
		E1892190F8B85EF8A357CC19 = { isa = PBXSourcesBuildPhase; buildActionMask = 2147483647; files = (90DE9662B40448E4A5C464DF,82ADFB50B79244FA813D419E,AB1000000000000000000002,AB0900000000000000000002,AB0800000000000000000002, AB0700000000000000000002,AB0600000000000000000003,AB0500000000000000000008, AB0500000000000000000007, AB0200000000000000000002, AB0100000000000000000002, E41F536845AC0B573C98A605, 48B1FE6411F73D27BEF599E5, D3A7941EF7AE8282A0461CB2, DCAC806765E9220128192C47, FB72E71A04CE71EF63D37992, 1DA86D102F92A7E6A1D0E7AF, 3E4599DCCF85A80C3C894AC2, BAFE3617CAE430F54BDAAA37, 0AF822DADED5A369FF0FF276, E203B9A4044DF6EF2B97745B, FAC855725DD64B2D4B9994C9, 998D312B33D4338B8F1BFA25, 6F1644C0694ABABC1E124BCA, 880A2448508AB71D73113E9C, 51A2A746F223AB5097BA911F, 77A2CCF72EABAEC6461307B9, 9385CAAC0F1D093E325F877B, FFCDE8F920D144DBF2A7C494, 760F2797052A3431928C90B6, 1CC241A6743D883BD905FED4, CFCF3B5E081E0BCD0BF517F8,); runOnlyForDeploymentPostprocessing = 0; };
		CFD7629CB1D1CE7A2F282923 = { isa = PBXFrameworksBuildPhase; buildActionMask = 2147483647; files = (); runOnlyForDeploymentPostprocessing = 0; };
		0EEEA3EFF40BF1B86724F323 = { isa = XCBuildConfiguration; buildSettings = {PRODUCT_NAME = "$(TARGET_NAME)"; GENERATE_INFOPLIST_FILE = YES; INFOPLIST_FILE = "$(SRCROOT)/Info.plist"; PRODUCT_BUNDLE_IDENTIFIER = cc.blueice.BlueIce; CODE_SIGN_IDENTITY = "-"; CODE_SIGN_STYLE = Manual; ENABLE_HARDENED_RUNTIME = NO; ENABLE_APP_SANDBOX = NO; INFOPLIST_KEY_CFBundleDisplayName = BlueIce; INFOPLIST_KEY_LSApplicationCategoryType = "public.app-category.productivity"; INFOPLIST_KEY_NSHighResolutionCapable = YES; BLUEICE_CORE_PROFILE = debug; BLUEICE_BACKEND_DIR = "$(SRCROOT)/.build/core-target/$(BLUEICE_CORE_PROFILE)"; COMBINE_HIDPI_IMAGES = YES;}; name = Debug; };
		98A421DE1F44BAD4F06F2A25 = { isa = XCBuildConfiguration; buildSettings = {PRODUCT_NAME = "$(TARGET_NAME)"; GENERATE_INFOPLIST_FILE = YES; INFOPLIST_FILE = "$(SRCROOT)/Info.plist"; PRODUCT_BUNDLE_IDENTIFIER = cc.blueice.BlueIce; CODE_SIGN_IDENTITY = "-"; CODE_SIGN_STYLE = Manual; ENABLE_HARDENED_RUNTIME = NO; ENABLE_APP_SANDBOX = NO; INFOPLIST_KEY_CFBundleDisplayName = BlueIce; INFOPLIST_KEY_LSApplicationCategoryType = "public.app-category.productivity"; INFOPLIST_KEY_NSHighResolutionCapable = YES; BLUEICE_CORE_PROFILE = release; BLUEICE_BACKEND_DIR = "$(SRCROOT)/.build/core-target/$(BLUEICE_CORE_PROFILE)"; COMBINE_HIDPI_IMAGES = YES;}; name = Release; };
		C9E5EFFD06A527E6B1E60B55 = { isa = XCConfigurationList; buildConfigurations = (0EEEA3EFF40BF1B86724F323, 98A421DE1F44BAD4F06F2A25,); defaultConfigurationIsVisible = 0; defaultConfigurationName = Release; };
		45B0AAE9A752DDC89B849E6A = { isa = PBXNativeTarget; buildConfigurationList = C9E5EFFD06A527E6B1E60B55; buildPhases = (E1892190F8B85EF8A357CC19, AB0800000000000000000013, CFD7629CB1D1CE7A2F282923, 9CA5BC38E24C1A39C336FF4F, AB0300000000000000000008,); buildRules = (); dependencies = (); name = BlueIce; productName = BlueIce; productReference = C0660E3DDC4DC8C8AFD0939C; productType = "com.apple.product-type.application"; };
		0A8813DC09B49CDCB7C21F6A = { isa = PBXBuildFile; fileRef = 0EB506BD1A638BAF54269B4B; };
		7D6195FAF34DFAF1AE680EBB = { isa = PBXBuildFile; fileRef = D3DB1424146A0EDEFC09E6E8; };
		021C9382D5897E47B8E90B0E = { isa = PBXBuildFile; fileRef = DA76C58F6B20252A75A7E36A; };
		98F74E1635B3D1390558DD45 = { isa = PBXBuildFile; fileRef = BF004683FBD7A547132E6C64; };
		79A52F6A91A4288F21F1C46F = { isa = PBXSourcesBuildPhase; buildActionMask = 2147483647; files = (2247E1FF8D2D4654A851999E,54D688BD05E44CA099439498,A4E87CDD519941ECAA6955A6,AB1000000000000000000004,AB1000000000000000000003,AB0900000000000000000003, AB0900000000000000000005,AB0800000000000000000003, AB0800000000000000000005, AB0700000000000000000003,AB0600000000000000000004, AB0600000000000000000005,AB0500000000000000000006, AB0500000000000000000005, AB0500000000000000000004, AB0400000000000000000006, AB0400000000000000000005, AB0400000000000000000004, AB0300000000000000000005, AB0300000000000000000006, AB0300000000000000000007, AB0200000000000000000005, AB0100000000000000000005, AB0200000000000000000003, AB0100000000000000000003, 95EEA0B2B15F4A75CAACF0FD, 0D260BFEF8C25F6D1289510F, 00894FD27887D95BBE6F83B6, C7B6F03B63EDC2B4D36136AB, 23DCA3BA9E6C753DF25ADD78, BBE53A12473AB8AD3861C7CF, 85A41CBF3A91A41532AD6D36, 87A98AE313C36F3C6255F86C, F8830BD9906221D8B6034694, E5A505E1D89E75E9C4A536D5, D108044C4DDF4EE74A49F87E, FC3CC9583AFEB94F72617AD7, D55B4AB854F2051F635B8DA4, EED324C28327E8CD4E85F15D, A28114D276421A2E0C31B846, BC323EE4B8CC1C5E95392A08, 68FE4A475154FBDC15999046, 0141483178A304652A92EEEC, 12160F12AC14592A34D37C30, B7E4F04152131842A5F03DFE, 752B5EC884EDC2858F69BFED, 767B59314E194AD2673B4977, 0A8813DC09B49CDCB7C21F6A, 7D6195FAF34DFAF1AE680EBB, 021C9382D5897E47B8E90B0E, 98F74E1635B3D1390558DD45,); runOnlyForDeploymentPostprocessing = 0; };
		17A0EC79021C7FC743967967 = { isa = PBXFrameworksBuildPhase; buildActionMask = 2147483647; files = (); runOnlyForDeploymentPostprocessing = 0; };
		71EE954855B69B1B2ACD2B66 = { isa = PBXContainerItemProxy; containerPortal = 244210E48437B6556980A702; proxyType = 1; remoteGlobalIDString = 45B0AAE9A752DDC89B849E6A; remoteInfo = BlueIce; };
		70566A8CA1A7EA5932E8AEF6 = { isa = PBXTargetDependency; target = 45B0AAE9A752DDC89B849E6A; targetProxy = 71EE954855B69B1B2ACD2B66; };
		1DE0C849D0AB2402B23E8053 = { isa = XCBuildConfiguration; buildSettings = {PRODUCT_NAME = "$(TARGET_NAME)"; GENERATE_INFOPLIST_FILE = YES; PRODUCT_BUNDLE_IDENTIFIER = cc.blueice.ProtocolTests; CODE_SIGN_IDENTITY = "-"; CODE_SIGN_STYLE = Manual; ENABLE_HARDENED_RUNTIME = NO; ENABLE_APP_SANDBOX = NO; TEST_HOST = "";}; name = Debug; };
		DA6CF745013074DE1E22D90D = { isa = XCBuildConfiguration; buildSettings = {PRODUCT_NAME = "$(TARGET_NAME)"; GENERATE_INFOPLIST_FILE = YES; PRODUCT_BUNDLE_IDENTIFIER = cc.blueice.ProtocolTests; CODE_SIGN_IDENTITY = "-"; CODE_SIGN_STYLE = Manual; ENABLE_HARDENED_RUNTIME = NO; ENABLE_APP_SANDBOX = NO; TEST_HOST = "";}; name = Release; };
		2F87F02AA7C8048BEB1B196F = { isa = XCConfigurationList; buildConfigurations = (1DE0C849D0AB2402B23E8053, DA6CF745013074DE1E22D90D,); defaultConfigurationIsVisible = 0; defaultConfigurationName = Release; };
		5F126C59B5CCB56AB83CC15D = { isa = PBXNativeTarget; buildConfigurationList = 2F87F02AA7C8048BEB1B196F; buildPhases = (79A52F6A91A4288F21F1C46F, AB0800000000000000000014, 17A0EC79021C7FC743967967,); buildRules = (); dependencies = (70566A8CA1A7EA5932E8AEF6,); name = ProtocolTests; productName = ProtocolTests; productReference = BEBEA91E455AF1A656C3298A; productType = "com.apple.product-type.bundle.unit-test"; };
		03884EDB78D5EC7E6ADA9A8B = { isa = PBXBuildFile; fileRef = 183A2DF14E1C2EFD5D6C3FC2; };
		C10756E0B9CD9A2678CD9DC3 = { isa = PBXSourcesBuildPhase; buildActionMask = 2147483647; files = (AB0500000000000000000011,7370EB163150B1249ECFEEDB, BCE4B1BC4B9B2A77C4912CB2, 03884EDB78D5EC7E6ADA9A8B,); runOnlyForDeploymentPostprocessing = 0; };
		6FE689DF012768FB2829EE85 = { isa = PBXFrameworksBuildPhase; buildActionMask = 2147483647; files = (); runOnlyForDeploymentPostprocessing = 0; };
		14EA1E9E9DDF0CE202D7BF9F = { isa = PBXContainerItemProxy; containerPortal = 244210E48437B6556980A702; proxyType = 1; remoteGlobalIDString = 45B0AAE9A752DDC89B849E6A; remoteInfo = BlueIce; };
		105B694F6FF7106FEFF3EA62 = { isa = PBXTargetDependency; target = 45B0AAE9A752DDC89B849E6A; targetProxy = 14EA1E9E9DDF0CE202D7BF9F; };
		54BF2C1FE9C12D285F18C6C7 = { isa = XCBuildConfiguration; buildSettings = {PRODUCT_NAME = "$(TARGET_NAME)"; GENERATE_INFOPLIST_FILE = YES; PRODUCT_BUNDLE_IDENTIFIER = cc.blueice.BrowserUITests; CODE_SIGN_ENTITLEMENTS = "$(SRCROOT)/UITests/Network.entitlements"; CODE_SIGN_IDENTITY = "-"; CODE_SIGN_STYLE = Manual; ENABLE_HARDENED_RUNTIME = NO; ENABLE_APP_SANDBOX = NO; TEST_TARGET_NAME = BlueIce;}; name = Debug; };
		3010083F16167E675F308528 = { isa = XCBuildConfiguration; buildSettings = {PRODUCT_NAME = "$(TARGET_NAME)"; GENERATE_INFOPLIST_FILE = YES; PRODUCT_BUNDLE_IDENTIFIER = cc.blueice.BrowserUITests; CODE_SIGN_ENTITLEMENTS = "$(SRCROOT)/UITests/Network.entitlements"; CODE_SIGN_IDENTITY = "-"; CODE_SIGN_STYLE = Manual; ENABLE_HARDENED_RUNTIME = NO; ENABLE_APP_SANDBOX = NO; TEST_TARGET_NAME = BlueIce;}; name = Release; };
		E0526D01FEE8A79398D45215 = { isa = XCConfigurationList; buildConfigurations = (54BF2C1FE9C12D285F18C6C7, 3010083F16167E675F308528,); defaultConfigurationIsVisible = 0; defaultConfigurationName = Release; };
		494BBEB17707D1B30F2CF214 = { isa = PBXNativeTarget; buildConfigurationList = E0526D01FEE8A79398D45215; buildPhases = (C10756E0B9CD9A2678CD9DC3, 6FE689DF012768FB2829EE85,); buildRules = (); dependencies = (105B694F6FF7106FEFF3EA62,); name = BrowserUITests; productName = BrowserUITests; productReference = CC743726A6B07853950D49D4; productType = "com.apple.product-type.bundle.ui-testing"; };
		9CA5BC38E24C1A39C336FF4F = { isa = PBXShellScriptBuildPhase; buildActionMask = 2147483647; files = (); inputPaths = ("$(BLUEICE_BACKEND_DIR)/blueice-core", "$(BLUEICE_BACKEND_DIR)/blueice-launcher", "$(BLUEICE_BACKEND_DIR)/blueice-ai-gatekeeper", "$(BLUEICE_BACKEND_DIR)/blueice-downloads", "$(BLUEICE_BACKEND_DIR)/blueice-extension-host", "$(BLUEICE_BACKEND_DIR)/blueice-ai-assistant",); outputPaths = ("$(TARGET_BUILD_DIR)/$(EXECUTABLE_FOLDER_PATH)/blueice-core", "$(TARGET_BUILD_DIR)/$(EXECUTABLE_FOLDER_PATH)/blueice-launcher", "$(TARGET_BUILD_DIR)/$(EXECUTABLE_FOLDER_PATH)/blueice-ai-gatekeeper", "$(TARGET_BUILD_DIR)/$(EXECUTABLE_FOLDER_PATH)/blueice-downloads", "$(TARGET_BUILD_DIR)/$(EXECUTABLE_FOLDER_PATH)/blueice-extension-host", "$(TARGET_BUILD_DIR)/$(EXECUTABLE_FOLDER_PATH)/blueice-ai-assistant",); name = "Bundle BlueIce services"; runOnlyForDeploymentPostprocessing = 0; shellPath = /bin/sh; shellScript = "# This Source Code Form is subject to the terms of the Mozilla Public\n# License, v. 2.0. If a copy of the MPL was not distributed with this\n# file, You can obtain one at https://mozilla.org/MPL/2.0/.\nset -eu\nfor binary in blueice-core blueice-launcher blueice-ai-gatekeeper blueice-downloads blueice-extension-host blueice-ai-assistant; do\n    if [ ! -x \"$BLUEICE_BACKEND_DIR/$binary\" ]; then\n        echo \"error: Build BlueIce services first with frontend/macos/build.sh ($binary missing)\"\n        exit 1\n    fi\n    cp \"$BLUEICE_BACKEND_DIR/$binary\" \"$TARGET_BUILD_DIR/$EXECUTABLE_FOLDER_PATH/$binary\"\n    /usr/bin/codesign --force --sign - \"$TARGET_BUILD_DIR/$EXECUTABLE_FOLDER_PATH/$binary\"\ndone\n"; };
		E2EDCD14762CC2F70971BC55 = { isa = XCBuildConfiguration; buildSettings = {SDKROOT = macosx; MACOSX_DEPLOYMENT_TARGET = 14.0; SWIFT_VERSION = 5.0; CLANG_ENABLE_MODULES = YES; CLANG_ENABLE_OBJC_ARC = YES; ENABLE_USER_SCRIPT_SANDBOXING = NO; SWIFT_EMIT_LOC_STRINGS = NO; SWIFT_TREAT_WARNINGS_AS_ERRORS = YES; GCC_TREAT_WARNINGS_AS_ERRORS = YES; SWIFT_OPTIMIZATION_LEVEL = "-Onone"; DEBUG_INFORMATION_FORMAT = dwarf; ENABLE_TESTABILITY = YES; SWIFT_ACTIVE_COMPILATION_CONDITIONS = "DEBUG $(inherited)";}; name = Debug; };
		E49449A51B1C1B61FFEBC152 = { isa = XCBuildConfiguration; buildSettings = {SDKROOT = macosx; MACOSX_DEPLOYMENT_TARGET = 14.0; SWIFT_VERSION = 5.0; CLANG_ENABLE_MODULES = YES; CLANG_ENABLE_OBJC_ARC = YES; ENABLE_USER_SCRIPT_SANDBOXING = NO; SWIFT_EMIT_LOC_STRINGS = NO; SWIFT_TREAT_WARNINGS_AS_ERRORS = YES; GCC_TREAT_WARNINGS_AS_ERRORS = YES; SWIFT_OPTIMIZATION_LEVEL = "-O"; DEBUG_INFORMATION_FORMAT = dwarf; ENABLE_TESTABILITY = NO; SWIFT_ACTIVE_COMPILATION_CONDITIONS = "$(inherited)";}; name = Release; };
		AAB2723FF2C8E6D1C298C1E4 = { isa = XCConfigurationList; buildConfigurations = (E2EDCD14762CC2F70971BC55, E49449A51B1C1B61FFEBC152,); defaultConfigurationIsVisible = 0; defaultConfigurationName = Release; };
		244210E48437B6556980A702 = { isa = PBXProject; attributes = { BuildIndependentTargetsInParallel = YES; LastUpgradeCheck = 2700; TargetAttributes = { 494BBEB17707D1B30F2CF214 = { TestTargetID = 45B0AAE9A752DDC89B849E6A; }; }; }; buildConfigurationList = AAB2723FF2C8E6D1C298C1E4; compatibilityVersion = "Xcode 14.0"; developmentRegion = en; hasScannedForEncodings = 0; knownRegions = (en, "zh-Hant", Base); mainGroup = 0D6E4079E36703EBD37C0072; productRefGroup = 0A3E27B8CA818264D75C8D81; projectDirPath = ""; projectRoot = ""; targets = (45B0AAE9A752DDC89B849E6A, 5F126C59B5CCB56AB83CC15D, 494BBEB17707D1B30F2CF214,); };
	};
	rootObject = 244210E48437B6556980A702;
}
